{
  "lockfileVersion": 1,
  "configVersion": 1,
  "workspaces": {
    "": {
      "name": "country-flags",
      "dependencies": {
        "@biomejs/biome": "^2.3.13",
        "delta-e-ts": "^2.0.0",
      },
      "devDependencies": {
        "@types/bun": "latest",
        "image-js": "^1.3.0",
      },
      "peerDependencies": {
        "typescript": "^5",
      },
    },
  },
  "packages": {
    "@biomejs/biome": ["@biomejs/biome@2.3.13", "", { "optionalDependencies": { "@biomejs/cli-darwin-arm64": "2.3.13", "@biomejs/cli-darwin-x64": "2.3.13", "@biomejs/cli-linux-arm64": "2.3.13", "@biomejs/cli-linux-arm64-musl": "2.3.13", "@biomejs/cli-linux-x64": "2.3.13", "@biomejs/cli-linux-x64-musl": "2.3.13", "@biomejs/cli-win32-arm64": "2.3.13", "@biomejs/cli-win32-x64": "2.3.13" }, "bin": { "biome": "bin/biome" } }, "sha512-Fw7UsV0UAtWIBIm0M7g5CRerpu1eKyKAXIazzxhbXYUyMkwNrkX/KLkGI7b+uVDQ5cLUMfOC9vR60q9IDYDstA=="],

    "@biomejs/cli-darwin-arm64": ["@biomejs/cli-darwin-arm64@2.3.13", "", { "os": "darwin", "cpu": "arm64" }, "sha512-0OCwP0/BoKzyJHnFdaTk/i7hIP9JHH9oJJq6hrSCPmJPo8JWcJhprK4gQlhFzrwdTBAW4Bjt/RmCf3ZZe59gwQ=="],

    "@biomejs/cli-darwin-x64": ["@biomejs/cli-darwin-x64@2.3.13", "", { "os": "darwin", "cpu": "x64" }, "sha512-AGr8OoemT/ejynbIu56qeil2+F2WLkIjn2d8jGK1JkchxnMUhYOfnqc9sVzcRxpG9Ycvw4weQ5sprRvtb7Yhcw=="],

    "@biomejs/cli-linux-arm64": ["@biomejs/cli-linux-arm64@2.3.13", "", { "os": "linux", "cpu": "arm64" }, "sha512-xvOiFkrDNu607MPMBUQ6huHmBG1PZLOrqhtK6pXJW3GjfVqJg0Z/qpTdhXfcqWdSZHcT+Nct2fOgewZvytESkw=="],

    "@biomejs/cli-linux-arm64-musl": ["@biomejs/cli-linux-arm64-musl@2.3.13", "", { "os": "linux", "cpu": "arm64" }, "sha512-TUdDCSY+Eo/EHjhJz7P2GnWwfqet+lFxBZzGHldrvULr59AgahamLs/N85SC4+bdF86EhqDuuw9rYLvLFWWlXA=="],

    "@biomejs/cli-linux-x64": ["@biomejs/cli-linux-x64@2.3.13", "", { "os": "linux", "cpu": "x64" }, "sha512-s+YsZlgiXNq8XkgHs6xdvKDFOj/bwTEevqEY6rC2I3cBHbxXYU1LOZstH3Ffw9hE5tE1sqT7U23C00MzkXztMw=="],

    "@biomejs/cli-linux-x64-musl": ["@biomejs/cli-linux-x64-musl@2.3.13", "", { "os": "linux", "cpu": "x64" }, "sha512-0bdwFVSbbM//Sds6OjtnmQGp4eUjOTt6kHvR/1P0ieR9GcTUAlPNvPC3DiavTqq302W34Ae2T6u5VVNGuQtGlQ=="],

    "@biomejs/cli-win32-arm64": ["@biomejs/cli-win32-arm64@2.3.13", "", { "os": "win32", "cpu": "arm64" }, "sha512-QweDxY89fq0VvrxME+wS/BXKmqMrOTZlN9SqQ79kQSIc3FrEwvW/PvUegQF6XIVaekncDykB5dzPqjbwSKs9DA=="],

    "@biomejs/cli-win32-x64": ["@biomejs/cli-win32-x64@2.3.13", "", { "os": "win32", "cpu": "x64" }, "sha512-trDw2ogdM2lyav9WFQsdsfdVy1dvZALymRpgmWsvSez0BJzBjulhOT/t+wyKeh3pZWvwP3VMs1SoOKwO3wecMQ=="],

    "@types/bun": ["@types/bun@1.3.8", "", { "dependencies": { "bun-types": "1.3.8" } }, "sha512-3LvWJ2q5GerAXYxO2mffLTqOzEu5qnhEAlh48Vnu8WQfnmSwbgagjGZV6BoHKJztENYEDn6QmVd949W4uESRJA=="],

    "@types/node": ["@types/node@25.1.0", "", { "dependencies": { "undici-types": "~7.16.0" } }, "sha512-t7frlewr6+cbx+9Ohpl0NOTKXZNV9xHRmNOvql47BFJKcEG1CxtxlPEEe+gR9uhVWM4DwhnvTF110mIL4yP9RA=="],

    "@types/pako": ["@types/pako@2.0.4", "", {}, "sha512-VWDCbrLeVXJM9fihYodcLiIv0ku+AlOa/TQ1SvYOaBuyrSKgEcro95LJyIsJ4vSo6BXIxOKxiJAat04CmST9Fw=="],

    "agent-base": ["agent-base@7.1.4", "", {}, "sha512-MnA+YT8fwfJPgBx3m60MNqakm30XOkyIoH1y6huTQvC0PwZG7ki8NacLBcrPbNoo8vEZy7Jpuk7+jMO+CUovTQ=="],

    "binary-search": ["binary-search@1.3.6", "", {}, "sha512-nbE1WxOTTrUWIfsfZ4aHGYu5DOuNkbxGokjV6Z2kxfJK3uaAb8zNK1muzOeipoLHZjInT4Br88BHpzevc681xA=="],

    "bresenham-zingl": ["bresenham-zingl@0.2.5", "", {}, "sha512-0TCrPvavRM/3Os9QIUDhe8jpAQXgEYjsVO+9IKnkC8cdzorDX5fMRfr3neEFGjcfRItEswHvIvPrqQzCalRYkw=="],

    "bun-types": ["bun-types@1.3.8", "", { "dependencies": { "@types/node": "*" } }, "sha512-fL99nxdOWvV4LqjmC+8Q9kW3M4QTtTR1eePs94v5ctGqU8OeceWrSUaRw3JYb7tU3FkMIAjkueehrHPPPGKi5Q=="],

    "cheminfo-types": ["cheminfo-types@1.10.0", "", {}, "sha512-lDoOWfctAQPQrrhydtdb2vV3S8RDuRNp62lzs/gIjNqMNubhsvqr+hI8XQJSy8X1ZXpGvzIQNGBYy4SVrKQNaQ=="],

    "colord": ["colord@2.9.3", "", {}, "sha512-jeC1axXpnb0/2nn/Y1LPuLdgXBLH7aDcHu4KEKfqw3CUhX7ZpfBSlPKyqXE6btIgEzfWtrX3/tyBCaCvXvMkOw=="],

    "debug": ["debug@4.4.3", "", { "dependencies": { "ms": "^2.1.3" } }, "sha512-RGwwWnwQvkVfavKVt22FGLw+xYSdzARwm0ru6DhTVA3umU5hZc28V3kO4stgYryrTlLpuvgI9GiijltAjNbcqA=="],

    "delta-e-ts": ["delta-e-ts@2.0.0", "", { "peerDependencies": { "typescript": ">=4.5.0" }, "optionalPeers": ["typescript"] }, "sha512-wdfa62djaYHOw300zrm8Ndy3maXR7nAcnZcvlZZr60wVpYGqeGXZfs4X0uynsIFaiinzNt7yY+ZXPopms8+9dg=="],

    "detect-libc": ["detect-libc@2.1.2", "", {}, "sha512-Btj2BOOO83o3WyH59e8MgXsxEQVcarkUOpEYrubB0urwnN10yQ364rsiByU11nZlqWYZm05i/of7io4mzihBtQ=="],

    "fast-bmp": ["fast-bmp@4.0.1", "", { "dependencies": { "iobuffer": "^6.0.0" } }, "sha512-+KtMijJj+uA8Sl6EXAnhza7US7EXSY5Z9NeiJwT1wopVUksyLMXL5iFmn9FjY8FdkstOkpJI9RuEVXkGpIPSwg=="],

    "fast-jpeg": ["fast-jpeg@3.0.1", "", { "dependencies": { "iobuffer": "^6.0.0", "tiff": "^7.1.0" } }, "sha512-1r4CO4rgRY1CeqaHlXVBPhdGC+rbNwWFJvV9s3HTUC+svqTE7hC1cEH9srp5MPgAmhDdsZ/WtU3WGM8zVobFCA=="],

    "fast-png": ["fast-png@7.0.1", "", { "dependencies": { "@types/pako": "^2.0.3", "iobuffer": "^6.0.0", "pako": "^2.1.0" } }, "sha512-aD5BELuxRrAPlRhb9V/z1PVMFJy3cUXqIvoxM3IQ+7Rku+T4cbXxWclZ47f1XwhViEl4n30TAN8JmvTJKKc2Dw=="],

    "fflate": ["fflate@0.8.2", "", {}, "sha512-cPJU47OaAoCbg0pBvzsgpTPhmhqI5eJjh/JIu8tPj5q+T7iLvW/JAYUqmE7KOB4R1ZyEhzBaIQpQpardBF5z8A=="],

    "fft.js": ["fft.js@4.0.4", "", {}, "sha512-f9c00hphOgeQTlDyavwTtu6RiK8AIFjD6+jvXkNkpeQ7rirK3uFWVpalkoS4LAwbdX7mfZ8aoBfFVQX1Re/8aw=="],

    "file-type": ["file-type@10.11.0", "", {}, "sha512-uzk64HRpUZyTGZtVuvrjP0FYxzQrBf4rojot6J65YMEbwBLB0CWm0CLojVpwpmFmxcE/lkvYICgfcGozbBq6rw=="],

    "follow-redirects": ["follow-redirects@1.15.11", "", {}, "sha512-deG2P0JfjrTxl50XGCDyfI97ZGVCxIpfKYmfyrQ54n5FO/0gfIES8C/Psl6kWVDolizcaaxZJnTS0QSMxvnsBQ=="],

    "https-proxy-agent": ["https-proxy-agent@7.0.6", "", { "dependencies": { "agent-base": "^7.1.2", "debug": "4" } }, "sha512-vK9P5/iUfdl95AI+JVyUuIcVtd4ofvtrOr3HNtM2yxC9bnMbEdp3x01OhQNnjb8IJYi38VlTE3mBXwcfvywuSw=="],

    "image-js": ["image-js@1.3.0", "", { "dependencies": { "bresenham-zingl": "^0.2.5", "colord": "^2.9.3", "fast-bmp": "^4.0.1", "fast-jpeg": "^3.0.1", "fast-png": "^7.0.1", "image-type": "^4.1.0", "jpeg-js": "^0.4.4", "js-priority-queue": "^0.1.5", "median-quickselect": "^1.0.1", "ml-affine-transform": "^1.0.3", "ml-convolution": "^2.0.0", "ml-matrix": "^6.12.1", "ml-ransac": "^1.0.0", "ml-regression-multivariate-linear": "^2.0.4", "ml-regression-polynomial-2d": "^1.0.0", "ml-spectra-processing": "^14.18.0", "robust-point-in-polygon": "^1.0.3", "skia-canvas": "^3.0.8", "ssim.js": "^3.5.0", "tiff": "^7.1.2", "ts-pattern": "^5.9.0", "uint8-base64": "^1.0.0" } }, "sha512-0CiWH00qI84cUQD76bC7/XV3nd6DB4zrPktAd7VTvU4PGcnOMNB2l2uEeZWMrzGSuyAM7cXzYNXE7RPPYi3G9A=="],

    "image-type": ["image-type@4.1.0", "", { "dependencies": { "file-type": "^10.10.0" } }, "sha512-CFJMJ8QK8lJvRlTCEgarL4ro6hfDQKif2HjSvYCdQZESaIPV4v9imrf7BQHK+sQeTeNeMpWciR9hyC/g8ybXEg=="],

    "iobuffer": ["iobuffer@6.0.1", "", {}, "sha512-SZWYkWNfjIXIBYSDpXDYIgshqtbOPsi4lviawAEceR1Kqk+sHDlcQjWrzNQsii80AyBY0q5c8HCTNjqo74ul+Q=="],

    "is-any-array": ["is-any-array@2.0.1", "", {}, "sha512-UtilS7hLRu++wb/WBAw9bNuP1Eg04Ivn1vERJck8zJthEvXCBEBpGR/33u/xLKWEQf95803oalHrVDptcAvFdQ=="],

    "jpeg-js": ["jpeg-js@0.4.4", "", {}, "sha512-WZzeDOEtTOBK4Mdsar0IqEU5sMr3vSV2RqkAIzUEV2BHnUfKGyswWFPFwK5EeDo93K3FohSHbLAjj0s1Wzd+dg=="],

    "js-priority-queue": ["js-priority-queue@0.1.5", "", {}, "sha512-2dPmJT4GbXUpob7AZDR1wFMKz3Biy6oW69mwt5PTtdeoOgDin1i0p5gUV9k0LFeUxDpwkfr+JGMZDpcprjiY5w=="],

    "median-quickselect": ["median-quickselect@1.0.1", "", {}, "sha512-/QL9ptNuLsdA68qO+2o10TKCyu621zwwTFdLvtu8rzRNKsn8zvuGoq/vDxECPyELFG8wu+BpyoMR9BnsJqfVZQ=="],

    "ml-affine-transform": ["ml-affine-transform@1.0.3", "", { "dependencies": { "ml-matrix": "^6.10.4" } }, "sha512-uv13li9HOGuMdSKL+QEdaV25emO9kt17LzGCD+FLQrBsrU8p/r/3kS/GJ7xI+f3/aWghkBK733x0yBG6EwKFJA=="],

    "ml-array-max": ["ml-array-max@1.2.4", "", { "dependencies": { "is-any-array": "^2.0.0" } }, "sha512-BlEeg80jI0tW6WaPyGxf5Sa4sqvcyY6lbSn5Vcv44lp1I2GR6AWojfUvLnGTNsIXrZ8uqWmo8VcG1WpkI2ONMQ=="],

    "ml-array-median": ["ml-array-median@1.1.6", "", { "dependencies": { "is-any-array": "^2.0.0", "median-quickselect": "^1.0.1" } }, "sha512-V6bV6bTPFRX8v5CaAx/7fuRXC39LLTHfPSVZZafdNaqNz2PFL5zEA7gesjv8dMXh+gwPeUMtB5QPovlTBaa4sw=="],

    "ml-array-min": ["ml-array-min@1.2.3", "", { "dependencies": { "is-any-array": "^2.0.0" } }, "sha512-VcZ5f3VZ1iihtrGvgfh/q0XlMobG6GQ8FsNyQXD3T+IlstDv85g8kfV0xUG1QPRO/t21aukaJowDzMTc7j5V6Q=="],

    "ml-array-rescale": ["ml-array-rescale@1.3.7", "", { "dependencies": { "is-any-array": "^2.0.0", "ml-array-max": "^1.2.4", "ml-array-min": "^1.2.3" } }, "sha512-48NGChTouvEo9KBctDfHC3udWnQKNKEWN0ziELvY3KG25GR5cA8K8wNVzracsqSW1QEkAXjTNx+ycgAv06/1mQ=="],

    "ml-convolution": ["ml-convolution@2.0.0", "", { "dependencies": { "fft.js": "^4.0.3", "next-power-of-two": "^1.0.0" } }, "sha512-ExW6zVmN2YGuyO3aBiS1ymybme3nVgv2ccCfynSdgtW5sNp4DOHnfow4K/ErTDMQ1s9tINjv7kvzjnVhQHXJBA=="],

    "ml-matrix": ["ml-matrix@6.12.1", "", { "dependencies": { "is-any-array": "^2.0.1", "ml-array-rescale": "^1.3.7" } }, "sha512-TJ+8eOFdp+INvzR4zAuwBQJznDUfktMtOB6g/hUcGh3rcyjxbz4Te57Pgri8Q9bhSQ7Zys4IYOGhFdnlgeB6Lw=="],

    "ml-random": ["ml-random@0.5.0", "", { "dependencies": { "ml-xsadd": "^2.0.0" } }, "sha512-zLJBmNb34LOz+vN6BD8l3aYm/VWYWbmAunrLMPs4dHf4gTl8BWlhil72j56HubPg86zrXioIs4qoHq7Topy6tw=="],

    "ml-ransac": ["ml-ransac@1.0.0", "", { "dependencies": { "ml-array-median": "^1.1.6", "ml-matrix": "^6.10.4", "ml-random": "^0.5.0" } }, "sha512-fGi45s7T5+BEqdb5JqZC699w2riy6j0tzuZ2ZP63xavRa/yVKQIbUbj4XiE4XMr9T7HSiq1D9y0uybiyikDPvA=="],

    "ml-regression-base": ["ml-regression-base@4.0.0", "", { "dependencies": { "cheminfo-types": "^1.7.3", "is-any-array": "^2.0.1" } }, "sha512-V2VjB+K/BcgXaX450xvYw36TLOB+piD9G1pHU3VE+ggQUApsVGkYco6UMQykFOwBydHnDTbOiybH/lwrkqFT4g=="],

    "ml-regression-multivariate-linear": ["ml-regression-multivariate-linear@2.0.4", "", { "dependencies": { "ml-matrix": "^6.10.1" } }, "sha512-/vShPAlP+mB7P2mC5TuXwObSJNl/UBI71/bszt9ilTg6yLKy6btDLpAYyJNa6t+JnL5a7q+Yy4dCltfpvqXRIw=="],

    "ml-regression-polynomial-2d": ["ml-regression-polynomial-2d@1.0.0", "", { "dependencies": { "cheminfo-types": "^1.7.3", "is-any-array": "^2.0.1", "ml-matrix": "^6.11.0", "ml-regression-base": "^4.0.0" } }, "sha512-r34kaawZKMwjORIdzpa/o5fnjlTXkkaLJ3B4vvFNeKlvEGPtApqFxbDRmw07e2CjUH2MhGIChpMeXp/XB3Iogg=="],

    "ml-spectra-processing": ["ml-spectra-processing@14.19.0", "", { "dependencies": { "binary-search": "^1.3.6", "cheminfo-types": "^1.10.0", "fft.js": "^4.0.4", "is-any-array": "^2.0.1", "ml-matrix": "^6.12.1", "ml-xsadd": "^3.0.1" } }, "sha512-PbvRh/cFneCDY629qpURsaq58oz0pF+TM8w5lLtvAVfZmA6QOHEf5eh93n73HXS7HgkAzLJNXnKefCW8kSBmKQ=="],

    "ml-xsadd": ["ml-xsadd@3.0.1", "", {}, "sha512-Fz2q6dwgzGM8wYKGArTUTZDGa4lQFA2Vi6orjGeTVRy22ZnQFKlJuwS9n8NRviqz1KHAHAzdKJwbnYhdo38uYg=="],

    "ms": ["ms@2.1.3", "", {}, "sha512-6FlzubTLZG3J2a/NVCAleEhjzq5oxgHyaCU9yYXvcLsvoVaHJq/s5xXI6/XXP6tz7R9xAOtHnSO/tXtF3WRTlA=="],

    "next-power-of-two": ["next-power-of-two@1.0.0", "", {}, "sha512-+z6QY1SxkDk6CQJAeaIZKmcNubBCRP7J8DMQUBglz/sSkNsZoJ1kULjqk9skNPPplzs4i9PFhYrvNDdtQleF/A=="],

    "pako": ["pako@2.1.0", "", {}, "sha512-w+eufiZ1WuJYgPXbV/PO3NCMEc3xqylkKHzp8bxp1uW4qaSNQUkwmLLEc3kKsfz8lpV1F8Ht3U1Cm+9Srog2ug=="],

    "parenthesis": ["parenthesis@3.1.8", "", {}, "sha512-KF/U8tk54BgQewkJPvB4s/US3VQY68BRDpH638+7O/n58TpnwiwnOtGIOsT2/i+M78s61BBpeC83STB88d8sqw=="],

    "robust-orientation": ["robust-orientation@1.2.1", "", { "dependencies": { "robust-scale": "^1.0.2", "robust-subtract": "^1.0.0", "robust-sum": "^1.0.0", "two-product": "^1.0.2" } }, "sha512-FuTptgKwY6iNuU15nrIJDLjXzCChWB+T4AvksRtwPS/WZ3HuP1CElCm1t+OBfgQKfWbtZIawip+61k7+buRKAg=="],

    "robust-point-in-polygon": ["robust-point-in-polygon@1.0.3", "", { "dependencies": { "robust-orientation": "^1.0.2" } }, "sha512-pPzz7AevOOcPYnFv4Vs5L0C7BKOq6C/TfAw5EUE58CylbjGiPyMjAnPLzzSuPZ2zftUGwWbmLWPOjPOz61tAcA=="],

    "robust-scale": ["robust-scale@1.0.2", "", { "dependencies": { "two-product": "^1.0.2", "two-sum": "^1.0.0" } }, "sha512-jBR91a/vomMAzazwpsPTPeuTPPmWBacwA+WYGNKcRGSh6xweuQ2ZbjRZ4v792/bZOhRKXRiQH0F48AvuajY0tQ=="],

    "robust-subtract": ["robust-subtract@1.0.0", "", {}, "sha512-xhKUno+Rl+trmxAIVwjQMiVdpF5llxytozXJOdoT4eTIqmqsndQqFb1A0oiW3sZGlhMRhOi6pAD4MF1YYW6o/A=="],

    "robust-sum": ["robust-sum@1.0.0", "", {}, "sha512-AvLExwpaqUqD1uwLU6MwzzfRdaI6VEZsyvQ3IAQ0ZJ08v1H+DTyqskrf2ZJyh0BDduFVLN7H04Zmc+qTiahhAw=="],

    "skia-canvas": ["skia-canvas@3.0.8", "", { "dependencies": { "detect-libc": "^2.1.1", "follow-redirects": "^1.15.11", "https-proxy-agent": "^7.0.6", "string-split-by": "^1.0.0" } }, "sha512-FSYKxp8Ng2vOeeOBiyPhnn6ui6FirPJXMyjk4PKl8N/OWzVrkMawUgY9zubIWHMdYtyWFn0gfX3QlRwg6HBmdg=="],

    "ssim.js": ["ssim.js@3.5.0", "", {}, "sha512-Aj6Jl2z6oDmgYFFbQqK7fght19bXdOxY7Tj03nF+03M9gCBAjeIiO8/PlEGMfKDwYpw4q6iBqVq2YuREorGg/g=="],

    "string-split-by": ["string-split-by@1.0.0", "", { "dependencies": { "parenthesis": "^3.1.5" } }, "sha512-KaJKY+hfpzNyet/emP81PJA9hTVSfxNLS9SFTWxdCnnW1/zOOwiV248+EfoX7IQFcBaOp4G5YE6xTJMF+pLg6A=="],

    "tiff": ["tiff@7.1.3", "", { "dependencies": { "fflate": "^0.8.2", "iobuffer": "^6.0.0" } }, "sha512-YEEq3fT++2pdta/9P/vGG4QRMdZQoe6W6JNaWnIi6NvAsbeNITwFCtmWwL/BZvOi+uo2I3ohyOkD3sZfme+c6g=="],

    "ts-pattern": ["ts-pattern@5.9.0", "", {}, "sha512-6s5V71mX8qBUmlgbrfL33xDUwO0fq48rxAu2LBE11WBeGdpCPOsXksQbZJHvHwhrd3QjUusd3mAOM5Gg0mFBLg=="],

    "two-product": ["two-product@1.0.2", "", {}, "sha512-vOyrqmeYvzjToVM08iU52OFocWT6eB/I5LUWYnxeAPGXAhAxXYU/Yr/R2uY5/5n4bvJQL9AQulIuxpIsMoT8XQ=="],

    "two-sum": ["two-sum@1.0.0", "", {}, "sha512-phP48e8AawgsNUjEY2WvoIWqdie8PoiDZGxTDv70LDr01uX5wLEQbOgSP7Z/B6+SW5oLtbe8qaYX2fKJs3CGTw=="],

    "typescript": ["typescript@5.9.3", "", { "bin": { "tsc": "bin/tsc", "tsserver": "bin/tsserver" } }, "sha512-jl1vZzPDinLr9eUt3J/t7V6FgNEw9QjvBPdysz9KfQDD41fQrC2Y4vKQdiaUpFT4bXlb1RHhLpp8wtm6M5TgSw=="],

    "uint8-base64": ["uint8-base64@1.0.0", "", {}, "sha512-B6ZJfEZL2FAhbIyZZ7WlQq8MPq1X1P1DUA//LsSv/vB4r+Dao5/BPoxgw2t+t1XyvoSfBkE7zI4SYsnGj7BmlQ=="],

    "undici-types": ["undici-types@7.16.0", "", {}, "sha512-Zz+aZWSj8LE6zoxD+xrjh4VfkIG8Ya6LvYkZqtUQGJPZjYl53ypCaUwWqo7eI0x66KBGeRo+mlBEkMSeSZ38Nw=="],

    "ml-random/ml-xsadd": ["ml-xsadd@2.0.0", "", {}, "sha512-VoAYUqmPRmzKbbqRejjqceGFp3VF81Qe8XXFGU0UXLxB7Mf4GGvyGq5Qn3k4AiQgDEV6WzobqlPOd+j0+m6IrA=="],
  }
}
